
Microsoft Visual Studio Solution File, Format Version 12.00
# Visual Studio Version 16
VisualStudioVersion = 16.0.31702.278
MinimumVisualStudioVersion = 10.0.40219.1
Project("{2150E333-8FDC-42A3-9474-1A3956D46DE8}") = "BehaviorialPatterns", "BehaviorialPatterns", "{5096487E-6774-48BD-BBAB-1EF97C7B34AC}"
EndProject
Project("{FAE04EC0-301F-11D3-BF4B-00C04F79EFBC}") = "Command", "Command\Command.csproj", "{A7610178-7833-4405-A65E-D8205282DC72}"
EndProject
Project("{2150E333-8FDC-42A3-9474-1A3956D46DE8}") = "CreationalPatterns", "CreationalPatterns", "{5E2927DE-7519-4D1A-A26C-23CA004320E4}"
EndProject
Project("{FAE04EC0-301F-11D3-BF4B-00C04F79EFBC}") = "Singleton", "Singleton\Singleton.csproj", "{A1DD16D4-1F24-482B-AEF1-7A1450B864A1}"
EndProject
Project("{FAE04EC0-301F-11D3-BF4B-00C04F79EFBC}") = "Factory", "Factory\Factory.csproj", "{4B5B4997-1E1C-4B0B-9745-FCA73480A52E}"
EndProject
Project("{FAE04EC0-301F-11D3-BF4B-00C04F79EFBC}") = "AbstractFactory", "AbstractFactory\AbstractFactory.csproj", "{10D03BED-FE44-4658-80A5-36F05E52991B}"
EndProject
Project("{FAE04EC0-301F-11D3-BF4B-00C04F79EFBC}") = "Prototype", "Prototype\Prototype.csproj", "{6E33B67A-2BD7-4EC2-BDBC-68E06F0D3E0C}"
EndProject
Project("{FAE04EC0-301F-11D3-BF4B-00C04F79EFBC}") = "Observer", "Observer\Observer.csproj", "{2FC46F65-C0D7-414E-B002-39CDD06F94A1}"
EndProject
Project("{FAE04EC0-301F-11D3-BF4B-00C04F79EFBC}") = "Strategy", "Strategy\Strategy.csproj", "{7C19D86B-1167-43B9-A5CC-31D5E5A46992}"
EndProject
Project("{FAE04EC0-301F-11D3-BF4B-00C04F79EFBC}") = "ChainOfResponsibility", "ChainOfResponsibility\ChainOfResponsibility.csproj", "{829B8F0C-8EBE-4F42-9DAB-4EB6FE52BA3E}"
EndProject
Project("{FAE04EC0-301F-11D3-BF4B-00C04F79EFBC}") = "State", "State\State.csproj", "{D11A6793-C7BC-4860-B1E2-688E944EED88}"
EndProject
Project("{2150E333-8FDC-42A3-9474-1A3956D46DE8}") = "StructuralPatterns", "StructuralPatterns", "{D91022AC-E5C2-413F-BA46-1891477BB0FE}"
EndProject
Project("{FAE04EC0-301F-11D3-BF4B-00C04F79EFBC}") = "Adapter", "Adapter\Adapter.csproj", "{A5B63A31-91F2-4952-A492-14427F8FB23B}"
EndProject
Project("{FAE04EC0-301F-11D3-BF4B-00C04F79EFBC}") = "Facade", "Facade\Facade.csproj", "{3D4D3553-99DE-43B2-90A0-7CDB56095D71}"
EndProject
Project("{FAE04EC0-301F-11D3-BF4B-00C04F79EFBC}") = "Proxy", "Proxy\Proxy.csproj", "{578B33FB-DE66-46C7-9900-DA9E6D536B78}"
EndProject
Project("{FAE04EC0-301F-11D3-BF4B-00C04F79EFBC}") = "Decorator", "Decorator\Decorator.csproj", "{5C80C9DD-F3A8-471F-97FC-B598BB7E9FA4}"
EndProject
Project("{FAE04EC0-301F-11D3-BF4B-00C04F79EFBC}") = "Iterator", "Iterator\Iterator.csproj", "{F72ECF8A-8118-4750-A766-6B658F9FB2C0}"
EndProject
Global
	GlobalSection(SolutionConfigurationPlatforms) = preSolution
		Debug|Any CPU = Debug|Any CPU
		Release|Any CPU = Release|Any CPU
	EndGlobalSection
	GlobalSection(ProjectConfigurationPlatforms) = postSolution
		{A7610178-7833-4405-A65E-D8205282DC72}.Debug|Any CPU.ActiveCfg = Debug|Any CPU
		{A7610178-7833-4405-A65E-D8205282DC72}.Debug|Any CPU.Build.0 = Debug|Any CPU
		{A7610178-7833-4405-A65E-D8205282DC72}.Release|Any CPU.ActiveCfg = Release|Any CPU
		{A7610178-7833-4405-A65E-D8205282DC72}.Release|Any CPU.Build.0 = Release|Any CPU
		{A1DD16D4-1F24-482B-AEF1-7A1450B864A1}.Debug|Any CPU.ActiveCfg = Debug|Any CPU
		{A1DD16D4-1F24-482B-AEF1-7A1450B864A1}.Debug|Any CPU.Build.0 = Debug|Any CPU
		{A1DD16D4-1F24-482B-AEF1-7A1450B864A1}.Release|Any CPU.ActiveCfg = Release|Any CPU
		{A1DD16D4-1F24-482B-AEF1-7A1450B864A1}.Release|Any CPU.Build.0 = Release|Any CPU
		{4B5B4997-1E1C-4B0B-9745-FCA73480A52E}.Debug|Any CPU.ActiveCfg = Debug|Any CPU
		{4B5B4997-1E1C-4B0B-9745-FCA73480A52E}.Debug|Any CPU.Build.0 = Debug|Any CPU
		{4B5B4997-1E1C-4B0B-9745-FCA73480A52E}.Release|Any CPU.ActiveCfg = Release|Any CPU
		{4B5B4997-1E1C-4B0B-9745-FCA73480A52E}.Release|Any CPU.Build.0 = Release|Any CPU
		{10D03BED-FE44-4658-80A5-36F05E52991B}.Debug|Any CPU.ActiveCfg = Debug|Any CPU
		{10D03BED-FE44-4658-80A5-36F05E52991B}.Debug|Any CPU.Build.0 = Debug|Any CPU
		{10D03BED-FE44-4658-80A5-36F05E52991B}.Release|Any CPU.ActiveCfg = Release|Any CPU
		{10D03BED-FE44-4658-80A5-36F05E52991B}.Release|Any CPU.Build.0 = Release|Any CPU
		{6E33B67A-2BD7-4EC2-BDBC-68E06F0D3E0C}.Debug|Any CPU.ActiveCfg = Debug|Any CPU
		{6E33B67A-2BD7-4EC2-BDBC-68E06F0D3E0C}.Debug|Any CPU.Build.0 = Debug|Any CPU
		{6E33B67A-2BD7-4EC2-BDBC-68E06F0D3E0C}.Release|Any CPU.ActiveCfg = Release|Any CPU
		{6E33B67A-2BD7-4EC2-BDBC-68E06F0D3E0C}.Release|Any CPU.Build.0 = Release|Any CPU
		{2FC46F65-C0D7-414E-B002-39CDD06F94A1}.Debug|Any CPU.ActiveCfg = Debug|Any CPU
		{2FC46F65-C0D7-414E-B002-39CDD06F94A1}.Debug|Any CPU.Build.0 = Debug|Any CPU
		{2FC46F65-C0D7-414E-B002-39CDD06F94A1}.Release|Any CPU.ActiveCfg = Release|Any CPU
		{2FC46F65-C0D7-414E-B002-39CDD06F94A1}.Release|Any CPU.Build.0 = Release|Any CPU
		{7C19D86B-1167-43B9-A5CC-31D5E5A46992}.Debug|Any CPU.ActiveCfg = Debug|Any CPU
		{7C19D86B-1167-43B9-A5CC-31D5E5A46992}.Debug|Any CPU.Build.0 = Debug|Any CPU
		{7C19D86B-1167-43B9-A5CC-31D5E5A46992}.Release|Any CPU.ActiveCfg = Release|Any CPU
		{7C19D86B-1167-43B9-A5CC-31D5E5A46992}.Release|Any CPU.Build.0 = Release|Any CPU
		{829B8F0C-8EBE-4F42-9DAB-4EB6FE52BA3E}.Debug|Any CPU.ActiveCfg = Debug|Any CPU
		{829B8F0C-8EBE-4F42-9DAB-4EB6FE52BA3E}.Debug|Any CPU.Build.0 = Debug|Any CPU
		{829B8F0C-8EBE-4F42-9DAB-4EB6FE52BA3E}.Release|Any CPU.ActiveCfg = Release|Any CPU
		{829B8F0C-8EBE-4F42-9DAB-4EB6FE52BA3E}.Release|Any CPU.Build.0 = Release|Any CPU
		{D11A6793-C7BC-4860-B1E2-688E944EED88}.Debug|Any CPU.ActiveCfg = Debug|Any CPU
		{D11A6793-C7BC-4860-B1E2-688E944EED88}.Debug|Any CPU.Build.0 = Debug|Any CPU
		{D11A6793-C7BC-4860-B1E2-688E944EED88}.Release|Any CPU.ActiveCfg = Release|Any CPU
		{D11A6793-C7BC-4860-B1E2-688E944EED88}.Release|Any CPU.Build.0 = Release|Any CPU
		{A5B63A31-91F2-4952-A492-14427F8FB23B}.Debug|Any CPU.ActiveCfg = Debug|Any CPU
		{A5B63A31-91F2-4952-A492-14427F8FB23B}.Debug|Any CPU.Build.0 = Debug|Any CPU
		{A5B63A31-91F2-4952-A492-14427F8FB23B}.Release|Any CPU.ActiveCfg = Release|Any CPU
		{A5B63A31-91F2-4952-A492-14427F8FB23B}.Release|Any CPU.Build.0 = Release|Any CPU
		{3D4D3553-99DE-43B2-90A0-7CDB56095D71}.Debug|Any CPU.ActiveCfg = Debug|Any CPU
		{3D4D3553-99DE-43B2-90A0-7CDB56095D71}.Debug|Any CPU.Build.0 = Debug|Any CPU
		{3D4D3553-99DE-43B2-90A0-7CDB56095D71}.Release|Any CPU.ActiveCfg = Release|Any CPU
		{3D4D3553-99DE-43B2-90A0-7CDB56095D71}.Release|Any CPU.Build.0 = Release|Any CPU
		{578B33FB-DE66-46C7-9900-DA9E6D536B78}.Debug|Any CPU.ActiveCfg = Debug|Any CPU
		{578B33FB-DE66-46C7-9900-DA9E6D536B78}.Debug|Any CPU.Build.0 = Debug|Any CPU
		{578B33FB-DE66-46C7-9900-DA9E6D536B78}.Release|Any CPU.ActiveCfg = Release|Any CPU
		{578B33FB-DE66-46C7-9900-DA9E6D536B78}.Release|Any CPU.Build.0 = Release|Any CPU
		{5C80C9DD-F3A8-471F-97FC-B598BB7E9FA4}.Debug|Any CPU.ActiveCfg = Debug|Any CPU
		{5C80C9DD-F3A8-471F-97FC-B598BB7E9FA4}.Debug|Any CPU.Build.0 = Debug|Any CPU
		{5C80C9DD-F3A8-471F-97FC-B598BB7E9FA4}.Release|Any CPU.ActiveCfg = Release|Any CPU
		{5C80C9DD-F3A8-471F-97FC-B598BB7E9FA4}.Release|Any CPU.Build.0 = Release|Any CPU
		{F72ECF8A-8118-4750-A766-6B658F9FB2C0}.Debug|Any CPU.ActiveCfg = Debug|Any CPU
		{F72ECF8A-8118-4750-A766-6B658F9FB2C0}.Debug|Any CPU.Build.0 = Debug|Any CPU
		{F72ECF8A-8118-4750-A766-6B658F9FB2C0}.Release|Any CPU.ActiveCfg = Release|Any CPU
		{F72ECF8A-8118-4750-A766-6B658F9FB2C0}.Release|Any CPU.Build.0 = Release|Any CPU
	EndGlobalSection
	GlobalSection(SolutionProperties) = preSolution
		HideSolutionNode = FALSE
	EndGlobalSection
	GlobalSection(NestedProjects) = preSolution
		{A7610178-7833-4405-A65E-D8205282DC72} = {5096487E-6774-48BD-BBAB-1EF97C7B34AC}
		{A1DD16D4-1F24-482B-AEF1-7A1450B864A1} = {5E2927DE-7519-4D1A-A26C-23CA004320E4}
		{4B5B4997-1E1C-4B0B-9745-FCA73480A52E} = {5E2927DE-7519-4D1A-A26C-23CA004320E4}
		{10D03BED-FE44-4658-80A5-36F05E52991B} = {5E2927DE-7519-4D1A-A26C-23CA004320E4}
		{6E33B67A-2BD7-4EC2-BDBC-68E06F0D3E0C} = {5E2927DE-7519-4D1A-A26C-23CA004320E4}
		{2FC46F65-C0D7-414E-B002-39CDD06F94A1} = {5096487E-6774-48BD-BBAB-1EF97C7B34AC}
		{7C19D86B-1167-43B9-A5CC-31D5E5A46992} = {5096487E-6774-48BD-BBAB-1EF97C7B34AC}
		{829B8F0C-8EBE-4F42-9DAB-4EB6FE52BA3E} = {5096487E-6774-48BD-BBAB-1EF97C7B34AC}
		{D11A6793-C7BC-4860-B1E2-688E944EED88} = {5096487E-6774-48BD-BBAB-1EF97C7B34AC}
		{A5B63A31-91F2-4952-A492-14427F8FB23B} = {D91022AC-E5C2-413F-BA46-1891477BB0FE}
		{3D4D3553-99DE-43B2-90A0-7CDB56095D71} = {D91022AC-E5C2-413F-BA46-1891477BB0FE}
		{578B33FB-DE66-46C7-9900-DA9E6D536B78} = {D91022AC-E5C2-413F-BA46-1891477BB0FE}
		{5C80C9DD-F3A8-471F-97FC-B598BB7E9FA4} = {D91022AC-E5C2-413F-BA46-1891477BB0FE}
		{F72ECF8A-8118-4750-A766-6B658F9FB2C0} = {5096487E-6774-48BD-BBAB-1EF97C7B34AC}
	EndGlobalSection
	GlobalSection(ExtensibilityGlobals) = postSolution
		SolutionGuid = {57BBBB60-DA75-4C89-919C-CA64345DF22D}
	EndGlobalSection
EndGlobal
