
Microsoft Visual Studio Solution File, Format Version 12.00
# Visual Studio Version 16
VisualStudioVersion = 16.0.31702.278
MinimumVisualStudioVersion = 10.0.40219.1
Project("{2150E333-8FDC-42A3-9474-1A3956D46DE8}") = "BehaviorialPatterns", "BehaviorialPatterns", "{5096487E-6774-48BD-BBAB-1EF97C7B34AC}"
EndProject
Project("{2150E333-8FDC-42A3-9474-1A3956D46DE8}") = "CreationalPatterns", "CreationalPatterns", "{5E2927DE-7519-4D1A-A26C-23CA004320E4}"
EndProject
Project("{2150E333-8FDC-42A3-9474-1A3956D46DE8}") = "StructuralPatterns", "StructuralPatterns", "{D91022AC-E5C2-413F-BA46-1891477BB0FE}"
EndProject
Project("{9A19103F-16F7-4668-BE54-9A1E7A4F7556}") = "ChainOfResponsibility", "..\ChainOfResponsibility\ChainOfResponsibility.csproj", "{3BAB6AF6-2688-4448-B272-173EED59C4FC}"
EndProject
Project("{9A19103F-16F7-4668-BE54-9A1E7A4F7556}") = "AbstractFactory", "..\AbstractFactory\AbstractFactory.csproj", "{397FC442-C1C8-4CC3-A30C-CEA07E24157C}"
EndProject
Project("{9A19103F-16F7-4668-BE54-9A1E7A4F7556}") = "Adapter", "..\Adapter\Adapter.csproj", "{822389B3-F05F-4C01-9462-2917EE60D177}"
EndProject
Project("{9A19103F-16F7-4668-BE54-9A1E7A4F7556}") = "Command", "..\Command\Command.csproj", "{07F402D4-01EE-4813-9112-E4133625F430}"
EndProject
Project("{9A19103F-16F7-4668-BE54-9A1E7A4F7556}") = "Decorator", "..\Decorator\Decorator.csproj", "{969FE743-D6EC-412C-A8F0-31DB564EA19F}"
EndProject
Project("{9A19103F-16F7-4668-BE54-9A1E7A4F7556}") = "Facade", "..\Facade\Facade.csproj", "{82DEBA35-BEF4-4C68-954E-EF56AE80DF4C}"
EndProject
Project("{9A19103F-16F7-4668-BE54-9A1E7A4F7556}") = "Factory", "..\Factory\Factory.csproj", "{60E00AE1-8643-4D45-AEC3-8C1C158A7613}"
EndProject
Project("{9A19103F-16F7-4668-BE54-9A1E7A4F7556}") = "Iterator", "..\Iterator\Iterator.csproj", "{408D89CF-DD45-466B-86E4-A3C443896668}"
EndProject
Project("{9A19103F-16F7-4668-BE54-9A1E7A4F7556}") = "Observer", "..\Observer\Observer.csproj", "{4D3C3AED-4247-4642-ACD6-B04BF233D720}"
EndProject
Project("{9A19103F-16F7-4668-BE54-9A1E7A4F7556}") = "Prototype", "..\Prototype\Prototype.csproj", "{060FBD14-E7BD-4659-BF3E-5475F6D04907}"
EndProject
Project("{9A19103F-16F7-4668-BE54-9A1E7A4F7556}") = "Proxy", "..\Proxy\Proxy.csproj", "{7F3ED96B-078A-431F-92F3-EE5A6C6DC37C}"
EndProject
Project("{9A19103F-16F7-4668-BE54-9A1E7A4F7556}") = "Singleton", "..\Singleton\Singleton.csproj", "{286C9335-C186-4D9E-811D-816437BD1FFF}"
EndProject
Project("{9A19103F-16F7-4668-BE54-9A1E7A4F7556}") = "State", "..\State\State.csproj", "{8B230CE2-CB5F-4D71-9E70-71FE120A5A12}"
EndProject
Project("{9A19103F-16F7-4668-BE54-9A1E7A4F7556}") = "Strategy", "..\Strategy\Strategy.csproj", "{74903DAB-C82E-48D3-807F-E69857AA9E77}"
EndProject
Global
	GlobalSection(SolutionConfigurationPlatforms) = preSolution
		Debug|Any CPU = Debug|Any CPU
		Release|Any CPU = Release|Any CPU
	EndGlobalSection
	GlobalSection(ProjectConfigurationPlatforms) = postSolution
		{3BAB6AF6-2688-4448-B272-173EED59C4FC}.Debug|Any CPU.ActiveCfg = Debug|Any CPU
		{3BAB6AF6-2688-4448-B272-173EED59C4FC}.Debug|Any CPU.Build.0 = Debug|Any CPU
		{3BAB6AF6-2688-4448-B272-173EED59C4FC}.Release|Any CPU.ActiveCfg = Release|Any CPU
		{3BAB6AF6-2688-4448-B272-173EED59C4FC}.Release|Any CPU.Build.0 = Release|Any CPU
		{397FC442-C1C8-4CC3-A30C-CEA07E24157C}.Debug|Any CPU.ActiveCfg = Debug|Any CPU
		{397FC442-C1C8-4CC3-A30C-CEA07E24157C}.Debug|Any CPU.Build.0 = Debug|Any CPU
		{397FC442-C1C8-4CC3-A30C-CEA07E24157C}.Release|Any CPU.ActiveCfg = Release|Any CPU
		{397FC442-C1C8-4CC3-A30C-CEA07E24157C}.Release|Any CPU.Build.0 = Release|Any CPU
		{822389B3-F05F-4C01-9462-2917EE60D177}.Debug|Any CPU.ActiveCfg = Debug|Any CPU
		{822389B3-F05F-4C01-9462-2917EE60D177}.Debug|Any CPU.Build.0 = Debug|Any CPU
		{822389B3-F05F-4C01-9462-2917EE60D177}.Release|Any CPU.ActiveCfg = Release|Any CPU
		{822389B3-F05F-4C01-9462-2917EE60D177}.Release|Any CPU.Build.0 = Release|Any CPU
		{07F402D4-01EE-4813-9112-E4133625F430}.Debug|Any CPU.ActiveCfg = Debug|Any CPU
		{07F402D4-01EE-4813-9112-E4133625F430}.Debug|Any CPU.Build.0 = Debug|Any CPU
		{07F402D4-01EE-4813-9112-E4133625F430}.Release|Any CPU.ActiveCfg = Release|Any CPU
		{07F402D4-01EE-4813-9112-E4133625F430}.Release|Any CPU.Build.0 = Release|Any CPU
		{969FE743-D6EC-412C-A8F0-31DB564EA19F}.Debug|Any CPU.ActiveCfg = Debug|Any CPU
		{969FE743-D6EC-412C-A8F0-31DB564EA19F}.Debug|Any CPU.Build.0 = Debug|Any CPU
		{969FE743-D6EC-412C-A8F0-31DB564EA19F}.Release|Any CPU.ActiveCfg = Release|Any CPU
		{969FE743-D6EC-412C-A8F0-31DB564EA19F}.Release|Any CPU.Build.0 = Release|Any CPU
		{82DEBA35-BEF4-4C68-954E-EF56AE80DF4C}.Debug|Any CPU.ActiveCfg = Debug|Any CPU
		{82DEBA35-BEF4-4C68-954E-EF56AE80DF4C}.Debug|Any CPU.Build.0 = Debug|Any CPU
		{82DEBA35-BEF4-4C68-954E-EF56AE80DF4C}.Release|Any CPU.ActiveCfg = Release|Any CPU
		{82DEBA35-BEF4-4C68-954E-EF56AE80DF4C}.Release|Any CPU.Build.0 = Release|Any CPU
		{60E00AE1-8643-4D45-AEC3-8C1C158A7613}.Debug|Any CPU.ActiveCfg = Debug|Any CPU
		{60E00AE1-8643-4D45-AEC3-8C1C158A7613}.Debug|Any CPU.Build.0 = Debug|Any CPU
		{60E00AE1-8643-4D45-AEC3-8C1C158A7613}.Release|Any CPU.ActiveCfg = Release|Any CPU
		{60E00AE1-8643-4D45-AEC3-8C1C158A7613}.Release|Any CPU.Build.0 = Release|Any CPU
		{408D89CF-DD45-466B-86E4-A3C443896668}.Debug|Any CPU.ActiveCfg = Debug|Any CPU
		{408D89CF-DD45-466B-86E4-A3C443896668}.Debug|Any CPU.Build.0 = Debug|Any CPU
		{408D89CF-DD45-466B-86E4-A3C443896668}.Release|Any CPU.ActiveCfg = Release|Any CPU
		{408D89CF-DD45-466B-86E4-A3C443896668}.Release|Any CPU.Build.0 = Release|Any CPU
		{4D3C3AED-4247-4642-ACD6-B04BF233D720}.Debug|Any CPU.ActiveCfg = Debug|Any CPU
		{4D3C3AED-4247-4642-ACD6-B04BF233D720}.Debug|Any CPU.Build.0 = Debug|Any CPU
		{4D3C3AED-4247-4642-ACD6-B04BF233D720}.Release|Any CPU.ActiveCfg = Release|Any CPU
		{4D3C3AED-4247-4642-ACD6-B04BF233D720}.Release|Any CPU.Build.0 = Release|Any CPU
		{060FBD14-E7BD-4659-BF3E-5475F6D04907}.Debug|Any CPU.ActiveCfg = Debug|Any CPU
		{060FBD14-E7BD-4659-BF3E-5475F6D04907}.Debug|Any CPU.Build.0 = Debug|Any CPU
		{060FBD14-E7BD-4659-BF3E-5475F6D04907}.Release|Any CPU.ActiveCfg = Release|Any CPU
		{060FBD14-E7BD-4659-BF3E-5475F6D04907}.Release|Any CPU.Build.0 = Release|Any CPU
		{7F3ED96B-078A-431F-92F3-EE5A6C6DC37C}.Debug|Any CPU.ActiveCfg = Debug|Any CPU
		{7F3ED96B-078A-431F-92F3-EE5A6C6DC37C}.Debug|Any CPU.Build.0 = Debug|Any CPU
		{7F3ED96B-078A-431F-92F3-EE5A6C6DC37C}.Release|Any CPU.ActiveCfg = Release|Any CPU
		{7F3ED96B-078A-431F-92F3-EE5A6C6DC37C}.Release|Any CPU.Build.0 = Release|Any CPU
		{286C9335-C186-4D9E-811D-816437BD1FFF}.Debug|Any CPU.ActiveCfg = Debug|Any CPU
		{286C9335-C186-4D9E-811D-816437BD1FFF}.Debug|Any CPU.Build.0 = Debug|Any CPU
		{286C9335-C186-4D9E-811D-816437BD1FFF}.Release|Any CPU.ActiveCfg = Release|Any CPU
		{286C9335-C186-4D9E-811D-816437BD1FFF}.Release|Any CPU.Build.0 = Release|Any CPU
		{8B230CE2-CB5F-4D71-9E70-71FE120A5A12}.Debug|Any CPU.ActiveCfg = Debug|Any CPU
		{8B230CE2-CB5F-4D71-9E70-71FE120A5A12}.Debug|Any CPU.Build.0 = Debug|Any CPU
		{8B230CE2-CB5F-4D71-9E70-71FE120A5A12}.Release|Any CPU.ActiveCfg = Release|Any CPU
		{8B230CE2-CB5F-4D71-9E70-71FE120A5A12}.Release|Any CPU.Build.0 = Release|Any CPU
		{74903DAB-C82E-48D3-807F-E69857AA9E77}.Debug|Any CPU.ActiveCfg = Debug|Any CPU
		{74903DAB-C82E-48D3-807F-E69857AA9E77}.Debug|Any CPU.Build.0 = Debug|Any CPU
		{74903DAB-C82E-48D3-807F-E69857AA9E77}.Release|Any CPU.ActiveCfg = Release|Any CPU
		{74903DAB-C82E-48D3-807F-E69857AA9E77}.Release|Any CPU.Build.0 = Release|Any CPU
	EndGlobalSection
	GlobalSection(SolutionProperties) = preSolution
		HideSolutionNode = FALSE
	EndGlobalSection
	GlobalSection(NestedProjects) = preSolution
		{3BAB6AF6-2688-4448-B272-173EED59C4FC} = {5096487E-6774-48BD-BBAB-1EF97C7B34AC}
		{397FC442-C1C8-4CC3-A30C-CEA07E24157C} = {5E2927DE-7519-4D1A-A26C-23CA004320E4}
		{822389B3-F05F-4C01-9462-2917EE60D177} = {D91022AC-E5C2-413F-BA46-1891477BB0FE}
		{07F402D4-01EE-4813-9112-E4133625F430} = {5096487E-6774-48BD-BBAB-1EF97C7B34AC}
		{969FE743-D6EC-412C-A8F0-31DB564EA19F} = {D91022AC-E5C2-413F-BA46-1891477BB0FE}
		{82DEBA35-BEF4-4C68-954E-EF56AE80DF4C} = {D91022AC-E5C2-413F-BA46-1891477BB0FE}
		{60E00AE1-8643-4D45-AEC3-8C1C158A7613} = {5E2927DE-7519-4D1A-A26C-23CA004320E4}
		{408D89CF-DD45-466B-86E4-A3C443896668} = {5096487E-6774-48BD-BBAB-1EF97C7B34AC}
		{4D3C3AED-4247-4642-ACD6-B04BF233D720} = {5096487E-6774-48BD-BBAB-1EF97C7B34AC}
		{060FBD14-E7BD-4659-BF3E-5475F6D04907} = {5E2927DE-7519-4D1A-A26C-23CA004320E4}
		{7F3ED96B-078A-431F-92F3-EE5A6C6DC37C} = {D91022AC-E5C2-413F-BA46-1891477BB0FE}
		{286C9335-C186-4D9E-811D-816437BD1FFF} = {5E2927DE-7519-4D1A-A26C-23CA004320E4}
		{8B230CE2-CB5F-4D71-9E70-71FE120A5A12} = {5096487E-6774-48BD-BBAB-1EF97C7B34AC}
		{74903DAB-C82E-48D3-807F-E69857AA9E77} = {5096487E-6774-48BD-BBAB-1EF97C7B34AC}
	EndGlobalSection
	GlobalSection(ExtensibilityGlobals) = postSolution
		SolutionGuid = {57BBBB60-DA75-4C89-919C-CA64345DF22D}
	EndGlobalSection
EndGlobal
